// !$*UTF8*$!
{
	archiveVersion = 1;
	classes = {
	};
	objectVersion = 50;
	objects = {

/* Begin PBXBuildFile section */
		C85F287F2132B4010029AE10 /* AppDelegate.m in Sources */ = {isa = PBXBuildFile; fileRef = C85F287E2132B4010029AE10 /* AppDelegate.m */; };
		C85F28822132B4010029AE10 /* ViewController.m in Sources */ = {isa = PBXBuildFile; fileRef = C85F28812132B4010029AE10 /* ViewController.m */; };
		C85F28852132B4010029AE10 /* Main.storyboard in Resources */ = {isa = PBXBuildFile; fileRef = C85F28832132B4010029AE10 /* Main.storyboard */; };
		C85F28872132B4020029AE10 /* Assets.xcassets in Resources */ = {isa = PBXBuildFile; fileRef = C85F28862132B4020029AE10 /* Assets.xcassets */; };
		C85F288A2132B4020029AE10 /* LaunchScreen.storyboard in Resources */ = {isa = PBXBuildFile; fileRef = C85F28882132B4020029AE10 /* LaunchScreen.storyboard */; };
		C85F288D2132B4020029AE10 /* main.m in Sources */ = {isa = PBXBuildFile; fileRef = C85F288C2132B4020029AE10 /* main.m */; };
		C85F28982132B4FE0029AE10 /* Question.m in Sources */ = {isa = PBXBuildFile; fileRef = C85F28972132B4FE0029AE10 /* Question.m */; };
		C85F289B2132B5160029AE10 /* QuestionBank.m in Sources */ = {isa = PBXBuildFile; fileRef = C85F289A2132B5160029AE10 /* QuestionBank.m */; };
		C85F28A02132B54F0029AE10 /* ProgressHUD.bundle in Resources */ = {isa = PBXBuildFile; fileRef = C85F289E2132B54F0029AE10 /* ProgressHUD.bundle */; };
		C85F28A12132B54F0029AE10 /* ProgressHUD.m in Sources */ = {isa = PBXBuildFile; fileRef = C85F289F2132B54F0029AE10 /* ProgressHUD.m */; };
/* End PBXBuildFile section */

/* Begin PBXFileReference section */
		C85F287A2132B4010029AE10 /* Riddle.app */ = {isa = PBXFileReference; explicitFileType = wrapper.application; includeInIndex = 0; path = Riddle.app; sourceTree = BUILT_PRODUCTS_DIR; };
		C85F287D2132B4010029AE10 /* AppDelegate.h */ = {isa = PBXFileReference; lastKnownFileType = sourcecode.c.h; path = AppDelegate.h; sourceTree = "<group>"; };
		C85F287E2132B4010029AE10 /* AppDelegate.m */ = {isa = PBXFileReference; lastKnownFileType = sourcecode.c.objc; path = AppDelegate.m; sourceTree = "<group>"; };
		C85F28802132B4010029AE10 /* ViewController.h */ = {isa = PBXFileReference; lastKnownFileType = sourcecode.c.h; path = ViewController.h; sourceTree = "<group>"; };
		C85F28812132B4010029AE10 /* ViewController.m */ = {isa = PBXFileReference; lastKnownFileType = sourcecode.c.objc; path = ViewController.m; sourceTree = "<group>"; };
		C85F28842132B4010029AE10 /* Base */ = {isa = PBXFileReference; lastKnownFileType = file.storyboard; name = Base; path = Base.lproj/Main.storyboard; sourceTree = "<group>"; };
		C85F28862132B4020029AE10 /* Assets.xcassets */ = {isa = PBXFileReference; lastKnownFileType = folder.assetcatalog; path = Assets.xcassets; sourceTree = "<group>"; };
		C85F28892132B4020029AE10 /* Base */ = {isa = PBXFileReference; lastKnownFileType = file.storyboard; name = Base; path = Base.lproj/LaunchScreen.storyboard; sourceTree = "<group>"; };
		C85F288B2132B4020029AE10 /* Info.plist */ = {isa = PBXFileReference; lastKnownFileType = text.plist.xml; path = Info.plist; sourceTree = "<group>"; };
		C85F288C2132B4020029AE10 /* main.m */ = {isa = PBXFileReference; lastKnownFileType = sourcecode.c.objc; path = main.m; sourceTree = "<group>"; };
		C85F28962132B4FE0029AE10 /* Question.h */ = {isa = PBXFileReference; lastKnownFileType = sourcecode.c.h; path = Question.h; sourceTree = "<group>"; };
		C85F28972132B4FE0029AE10 /* Question.m */ = {isa = PBXFileReference; lastKnownFileType = sourcecode.c.objc; path = Question.m; sourceTree = "<group>"; };
		C85F28992132B5160029AE10 /* QuestionBank.h */ = {isa = PBXFileReference; lastKnownFileType = sourcecode.c.h; path = QuestionBank.h; sourceTree = "<group>"; };
		C85F289A2132B5160029AE10 /* QuestionBank.m */ = {isa = PBXFileReference; lastKnownFileType = sourcecode.c.objc; path = QuestionBank.m; sourceTree = "<group>"; };
		C85F289D2132B54F0029AE10 /* ProgressHUD.h */ = {isa = PBXFileReference; fileEncoding = 4; lastKnownFileType = sourcecode.c.h; path = ProgressHUD.h; sourceTree = "<group>"; };
		C85F289E2132B54F0029AE10 /* ProgressHUD.bundle */ = {isa = PBXFileReference; lastKnownFileType = "wrapper.plug-in"; path = ProgressHUD.bundle; sourceTree = "<group>"; };
		C85F289F2132B54F0029AE10 /* ProgressHUD.m */ = {isa = PBXFileReference; fileEncoding = 4; lastKnownFileType = sourcecode.c.objc; path = ProgressHUD.m; sourceTree = "<group>"; };
/* End PBXFileReference section */

/* Begin PBXFrameworksBuildPhase section */
		C85F28772132B4010029AE10 /* Frameworks */ = {
			isa = PBXFrameworksBuildPhase;
			buildActionMask = 2147483647;
			files = (
			);
			runOnlyForDeploymentPostprocessing = 0;
		};
/* End PBXFrameworksBuildPhase section */

/* Begin PBXGroup section */
		C85F28712132B4010029AE10 = {
			isa = PBXGroup;
			children = (
				C85F287C2132B4010029AE10 /* Riddle */,
				C85F287B2132B4010029AE10 /* Products */,
			);
			sourceTree = "<group>";
		};
		C85F287B2132B4010029AE10 /* Products */ = {
			isa = PBXGroup;
			children = (
				C85F287A2132B4010029AE10 /* Riddle.app */,
			);
			name = Products;
			sourceTree = "<group>";
		};
		C85F287C2132B4010029AE10 /* Riddle */ = {
			isa = PBXGroup;
			children = (
				C85F28952132B4E60029AE10 /* Controller */,
				C85F28942132B4DC0029AE10 /* View */,
				C85F288B2132B4020029AE10 /* Info.plist */,
				C85F289C2132B51C0029AE10 /* Model */,
				C85F28932132B4B30029AE10 /* Supporting Files */,
				C85F288C2132B4020029AE10 /* main.m */,
			);
			path = Riddle;
			sourceTree = "<group>";
		};
		C85F28932132B4B30029AE10 /* Supporting Files */ = {
			isa = PBXGroup;
			children = (
				C85F28882132B4020029AE10 /* LaunchScreen.storyboard */,
				C85F289E2132B54F0029AE10 /* ProgressHUD.bundle */,
				C85F289D2132B54F0029AE10 /* ProgressHUD.h */,
				C85F289F2132B54F0029AE10 /* ProgressHUD.m */,
			);
			path = "Supporting Files";
			sourceTree = "<group>";
		};
		C85F28942132B4DC0029AE10 /* View */ = {
			isa = PBXGroup;
			children = (
				C85F28832132B4010029AE10 /* Main.storyboard */,
				C85F28862132B4020029AE10 /* Assets.xcassets */,
			);
			path = View;
			sourceTree = "<group>";
		};
		C85F28952132B4E60029AE10 /* Controller */ = {
			isa = PBXGroup;
			children = (
				C85F287D2132B4010029AE10 /* AppDelegate.h */,
				C85F287E2132B4010029AE10 /* AppDelegate.m */,
				C85F28802132B4010029AE10 /* ViewController.h */,
				C85F28812132B4010029AE10 /* ViewController.m */,
			);
			path = Controller;
			sourceTree = "<group>";
		};
		C85F289C2132B51C0029AE10 /* Model */ = {
			isa = PBXGroup;
			children = (
				C85F28962132B4FE0029AE10 /* Question.h */,
				C85F28972132B4FE0029AE10 /* Question.m */,
				C85F28992132B5160029AE10 /* QuestionBank.h */,
				C85F289A2132B5160029AE10 /* QuestionBank.m */,
			);
			path = Model;
			sourceTree = "<group>";
		};
/* End PBXGroup section */

/* Begin PBXNativeTarget section */
		C85F28792132B4010029AE10 /* Riddle */ = {
			isa = PBXNativeTarget;
			buildConfigurationList = C85F28902132B4020029AE10 /* Build configuration list for PBXNativeTarget "Riddle" */;
			buildPhases = (
				C85F28762132B4010029AE10 /* Sources */,
				C85F28772132B4010029AE10 /* Frameworks */,
				C85F28782132B4010029AE10 /* Resources */,
			);
			buildRules = (
			);
			dependencies = (
			);
			name = Riddle;
			productName = Riddle;
			productReference = C85F287A2132B4010029AE10 /* Riddle.app */;
			productType = "com.apple.product-type.application";
		};
/* End PBXNativeTarget section */

/* Begin PBXProject section */
		C85F28722132B4010029AE10 /* Project object */ = {
			isa = PBXProject;
			attributes = {
				LastUpgradeCheck = 0940;
				ORGANIZATIONNAME = "Liroy Yarimi";
				TargetAttributes = {
					C85F28792132B4010029AE10 = {
						CreatedOnToolsVersion = 9.4.1;
					};
				};
			};
			buildConfigurationList = C85F28752132B4010029AE10 /* Build configuration list for PBXProject "Riddle" */;
			compatibilityVersion = "Xcode 9.3";
			developmentRegion = en;
			hasScannedForEncodings = 0;
			knownRegions = (
				en,
				Base,
			);
			mainGroup = C85F28712132B4010029AE10;
			productRefGroup = C85F287B2132B4010029AE10 /* Products */;
			projectDirPath = "";
			projectRoot = "";
			targets = (
				C85F28792132B4010029AE10 /* Riddle */,
			);
		};
/* End PBXProject section */

/* Begin PBXResourcesBuildPhase section */
		C85F28782132B4010029AE10 /* Resources */ = {
			isa = PBXResourcesBuildPhase;
			buildActionMask = 2147483647;
			files = (
				C85F28A02132B54F0029AE10 /* ProgressHUD.bundle in Resources */,
				C85F288A2132B4020029AE10 /* LaunchScreen.storyboard in Resources */,
				C85F28872132B4020029AE10 /* Assets.xcassets in Resources */,
				C85F28852132B4010029AE10 /* Main.storyboard in Resources */,
			);
			runOnlyForDeploymentPostprocessing = 0;
		};
/* End PBXResourcesBuildPhase section */

/* Begin PBXSourcesBuildPhase section */
		C85F28762132B4010029AE10 /* Sources */ = {
			isa = PBXSourcesBuildPhase;
			buildActionMask = 2147483647;
			files = (
				C85F28A12132B54F0029AE10 /* ProgressHUD.m in Sources */,
				C85F289B2132B5160029AE10 /* QuestionBank.m in Sources */,
				C85F28822132B4010029AE10 /* ViewController.m in Sources */,
				C85F28982132B4FE0029AE10 /* Question.m in Sources */,
				C85F288D2132B4020029AE10 /* main.m in Sources */,
				C85F287F2132B4010029AE10 /* AppDelegate.m in Sources */,
			);
			runOnlyForDeploymentPostprocessing = 0;
		};
/* End PBXSourcesBuildPhase section */

/* Begin PBXVariantGroup section */
		C85F28832132B4010029AE10 /* Main.storyboard */ = {
			isa = PBXVariantGroup;
			children = (
				C85F28842132B4010029AE10 /* Base */,
			);
			name = Main.storyboard;
			sourceTree = "<group>";
		};
		C85F28882132B4020029AE10 /* LaunchScreen.storyboard */ = {
			isa = PBXVariantGroup;
			children = (
				C85F28892132B4020029AE10 /* Base */,
			);
			name = LaunchScreen.storyboard;
			sourceTree = "<group>";
		};
/* End PBXVariantGroup section */

/* Begin XCBuildConfiguration section */
		C85F288E2132B4020029AE10 /* Debug */ = {
			isa = XCBuildConfiguration;
			buildSettings = {
				ALWAYS_SEARCH_USER_PATHS = NO;
				CLANG_ANALYZER_NONNULL = YES;
				CLANG_ANALYZER_NUMBER_OBJECT_CONVERSION = YES_AGGRESSIVE;
				CLANG_CXX_LANGUAGE_STANDARD = "gnu++14";
				CLANG_CXX_LIBRARY = "libc++";
				CLANG_ENABLE_MODULES = YES;
				CLANG_ENABLE_OBJC_ARC = YES;
				CLANG_ENABLE_OBJC_WEAK = YES;
				CLANG_WARN_BLOCK_CAPTURE_AUTORELEASING = YES;
				CLANG_WARN_BOOL_CONVERSION = YES;
				CLANG_WARN_COMMA = YES;
				CLANG_WARN_CONSTANT_CONVERSION = YES;
				CLANG_WARN_DEPRECATED_OBJC_IMPLEMENTATIONS = YES;
				CLANG_WARN_DIRECT_OBJC_ISA_USAGE = YES_ERROR;
				CLANG_WARN_DOCUMENTATION_COMMENTS = YES;
				CLANG_WARN_EMPTY_BODY = YES;
				CLANG_WARN_ENUM_CONVERSION = YES;
				CLANG_WARN_INFINITE_RECURSION = YES;
				CLANG_WARN_INT_CONVERSION = YES;
				CLANG_WARN_NON_LITERAL_NULL_CONVERSION = YES;
				CLANG_WARN_OBJC_IMPLICIT_RETAIN_SELF = YES;
				CLANG_WARN_OBJC_LITERAL_CONVERSION = YES;
				CLANG_WARN_OBJC_ROOT_CLASS = YES_ERROR;
				CLANG_WARN_RANGE_LOOP_ANALYSIS = YES;
				CLANG_WARN_STRICT_PROTOTYPES = YES;
				CLANG_WARN_SUSPICIOUS_MOVE = YES;
				CLANG_WARN_UNGUARDED_AVAILABILITY = YES_AGGRESSIVE;
				CLANG_WARN_UNREACHABLE_CODE = YES;
				CLANG_WARN__DUPLICATE_METHOD_MATCH = YES;
				CODE_SIGN_IDENTITY = "iPhone Developer";
				COPY_PHASE_STRIP = NO;
				DEBUG_INFORMATION_FORMAT = dwarf;
				ENABLE_STRICT_OBJC_MSGSEND = YES;
				ENABLE_TESTABILITY = YES;
				GCC_C_LANGUAGE_STANDARD = gnu11;
				GCC_DYNAMIC_NO_PIC = NO;
				GCC_NO_COMMON_BLOCKS = YES;
				GCC_OPTIMIZATION_LEVEL = 0;
				GCC_PREPROCESSOR_DEFINITIONS = (
					"DEBUG=1",
					"$(inherited)",
				);
				GCC_WARN_64_TO_32_BIT_CONVERSION = YES;
				GCC_WARN_ABOUT_RETURN_TYPE = YES_ERROR;
				GCC_WARN_UNDECLARED_SELECTOR = YES;
				GCC_WARN_UNINITIALIZED_AUTOS = YES_AGGRESSIVE;
				GCC_WARN_UNUSED_FUNCTION = YES;
				GCC_WARN_UNUSED_VARIABLE = YES;
				IPHONEOS_DEPLOYMENT_TARGET = 11.4;
				MTL_ENABLE_DEBUG_INFO = YES;
				ONLY_ACTIVE_ARCH = YES;
				SDKROOT = iphoneos;
			};
			name = Debug;
		};
		C85F288F2132B4020029AE10 /* Release */ = {
			isa = XCBuildConfiguration;
			buildSettings = {
				ALWAYS_SEARCH_USER_PATHS = NO;
				CLANG_ANALYZER_NONNULL = YES;
				CLANG_ANALYZER_NUMBER_OBJECT_CONVERSION = YES_AGGRESSIVE;
				CLANG_CXX_LANGUAGE_STANDARD = "gnu++14";
				CLANG_CXX_LIBRARY = "libc++";
				CLANG_ENABLE_MODULES = YES;
				CLANG_ENABLE_OBJC_ARC = YES;
				CLANG_ENABLE_OBJC_WEAK = YES;
				CLANG_WARN_BLOCK_CAPTURE_AUTORELEASING = YES;
				CLANG_WARN_BOOL_CONVERSION = YES;
				CLANG_WARN_COMMA = YES;
				CLANG_WARN_CONSTANT_CONVERSION = YES;
				CLANG_WARN_DEPRECATED_OBJC_IMPLEMENTATIONS = YES;
				CLANG_WARN_DIRECT_OBJC_ISA_USAGE = YES_ERROR;
				CLANG_WARN_DOCUMENTATION_COMMENTS = YES;
				CLANG_WARN_EMPTY_BODY = YES;
				CLANG_WARN_ENUM_CONVERSION = YES;
				CLANG_WARN_INFINITE_RECURSION = YES;
				CLANG_WARN_INT_CONVERSION = YES;
				CLANG_WARN_NON_LITERAL_NULL_CONVERSION = YES;
				CLANG_WARN_OBJC_IMPLICIT_RETAIN_SELF = YES;
				CLANG_WARN_OBJC_LITERAL_CONVERSION = YES;
				CLANG_WARN_OBJC_ROOT_CLASS = YES_ERROR;
				CLANG_WARN_RANGE_LOOP_ANALYSIS = YES;
				CLANG_WARN_STRICT_PROTOTYPES = YES;
				CLANG_WARN_SUSPICIOUS_MOVE = YES;
				CLANG_WARN_UNGUARDED_AVAILABILITY = YES_AGGRESSIVE;
				CLANG_WARN_UNREACHABLE_CODE = YES;
				CLANG_WARN__DUPLICATE_METHOD_MATCH = YES;
				CODE_SIGN_IDENTITY = "iPhone Developer";
				COPY_PHASE_STRIP = NO;
				DEBUG_INFORMATION_FORMAT = "dwarf-with-dsym";
				ENABLE_NS_ASSERTIONS = NO;
				ENABLE_STRICT_OBJC_MSGSEND = YES;
				GCC_C_LANGUAGE_STANDARD = gnu11;
				GCC_NO_COMMON_BLOCKS = YES;
				GCC_WARN_64_TO_32_BIT_CONVERSION = YES;
				GCC_WARN_ABOUT_RETURN_TYPE = YES_ERROR;
				GCC_WARN_UNDECLARED_SELECTOR = YES;
				GCC_WARN_UNINITIALIZED_AUTOS = YES_AGGRESSIVE;
				GCC_WARN_UNUSED_FUNCTION = YES;
				GCC_WARN_UNUSED_VARIABLE = YES;
				IPHONEOS_DEPLOYMENT_TARGET = 11.4;
				MTL_ENABLE_DEBUG_INFO = NO;
				SDKROOT = iphoneos;
				VALIDATE_PRODUCT = YES;
			};
			name = Release;
		};
		C85F28912132B4020029AE10 /* Debug */ = {
			isa = XCBuildConfiguration;
			buildSettings = {
				ASSETCATALOG_COMPILER_APPICON_NAME = AppIcon;
				CODE_SIGN_STYLE = Automatic;
				DEVELOPMENT_TEAM = BRUZ42SH8K;
				INFOPLIST_FILE = Riddle/Info.plist;
				LD_RUNPATH_SEARCH_PATHS = (
					"$(inherited)",
					"@executable_path/Frameworks",
				);
				PRODUCT_BUNDLE_IDENTIFIER = com.LiroyYarimi.Riddle;
				PRODUCT_NAME = "$(TARGET_NAME)";
				TARGETED_DEVICE_FAMILY = 1;
			};
			name = Debug;
		};
		C85F28922132B4020029AE10 /* Release */ = {
			isa = XCBuildConfiguration;
			buildSettings = {
				ASSETCATALOG_COMPILER_APPICON_NAME = AppIcon;
				CODE_SIGN_STYLE = Automatic;
				DEVELOPMENT_TEAM = BRUZ42SH8K;
				INFOPLIST_FILE = Riddle/Info.plist;
				LD_RUNPATH_SEARCH_PATHS = (
					"$(inherited)",
					"@executable_path/Frameworks",
				);
				PRODUCT_BUNDLE_IDENTIFIER = com.LiroyYarimi.Riddle;
				PRODUCT_NAME = "$(TARGET_NAME)";
				TARGETED_DEVICE_FAMILY = 1;
			};
			name = Release;
		};
/* End XCBuildConfiguration section */

/* Begin XCConfigurationList section */
		C85F28752132B4010029AE10 /* Build configuration list for PBXProject "Riddle" */ = {
			isa = XCConfigurationList;
			buildConfigurations = (
				C85F288E2132B4020029AE10 /* Debug */,
				C85F288F2132B4020029AE10 /* Release */,
			);
			defaultConfigurationIsVisible = 0;
			defaultConfigurationName = Release;
		};
		C85F28902132B4020029AE10 /* Build configuration list for PBXNativeTarget "Riddle" */ = {
			isa = XCConfigurationList;
			buildConfigurations = (
				C85F28912132B4020029AE10 /* Debug */,
				C85F28922132B4020029AE10 /* Release */,
			);
			defaultConfigurationIsVisible = 0;
			defaultConfigurationName = Release;
		};
/* End XCConfigurationList section */
	};
	rootObject = C85F28722132B4010029AE10 /* Project object */;
}
